
Microsoft Visual Studio Solution File, Format Version 12.00
# Visual Studio Version 17
VisualStudioVersion = 17.10.34916.146
MinimumVisualStudioVersion = 10.0.40219.1
Project("{FAE04EC0-301F-11D3-BF4B-00C04F79EFBC}") = "n_vision", "n_vision.csproj", "{F12CEC42-A376-493B-B110-ACAF2F4416B8}"
EndProject
Global
	GlobalSection(SolutionConfigurationPlatforms) = preSolution
		Debug|Any CPU = Debug|Any CPU
		Release|Any CPU = Release|Any CPU
	EndGlobalSection
	GlobalSection(ProjectConfigurationPlatforms) = postSolution
		{F12CEC42-A376-493B-B110-ACAF2F4416B8}.Debug|Any CPU.ActiveCfg = Debug|Any CPU
		{F12CEC42-A376-493B-B110-ACAF2F4416B8}.Debug|Any CPU.Build.0 = Debug|Any CPU
		{F12CEC42-A376-493B-B110-ACAF2F4416B8}.Release|Any CPU.ActiveCfg = Release|Any CPU
		{F12CEC42-A376-493B-B110-ACAF2F4416B8}.Release|Any CPU.Build.0 = Release|Any CPU
	EndGlobalSection
	GlobalSection(SolutionProperties) = preSolution
		HideSolutionNode = FALSE
	EndGlobalSection
	GlobalSection(ExtensibilityGlobals) = postSolution
		SolutionGuid = {6CFB4D4D-1CF6-4251-8FF9-7BF6E2067F89}
	EndGlobalSection
EndGlobal
